{
  "name": "nice-google-apps-script",
  "version": "1.0.0",
  "lockfileVersion": 1,
  "requires": true,
  "dependencies": {
    "@types/google-apps-script": {
      "version": "1.0.15",
      "resolved": "https://registry.npmjs.org/@types/google-apps-script/-/google-apps-script-1.0.15.tgz",
      "integrity": "sha512-NCBtRuL6yOtUU6nDKSnFJ/42XgO9AGDClFdIGt7K6DreyF/8IuDrmyuEU9ZINoNdEQuwQGwUyuXe9UTq3ubGeg=="
    }
  }
}
